
Microsoft Visual Studio Solution File, Format Version 11.00
# Visual Basic Express 2010
Project("{F184B08F-C81C-45F6-A57F-5ABD9991F28F}") = "CustomClassBuilder", "CustomClassBuilder\CustomClassBuilder.vbproj", "{44974F54-96F1-49D5-85AB-DE9B7976DFC8}"
EndProject
Global
	GlobalSection(SolutionConfigurationPlatforms) = preSolution
		Debug|x86 = Debug|x86
		Release|x86 = Release|x86
	EndGlobalSection
	GlobalSection(ProjectConfigurationPlatforms) = postSolution
		{44974F54-96F1-49D5-85AB-DE9B7976DFC8}.Debug|x86.ActiveCfg = Debug|x86
		{44974F54-96F1-49D5-85AB-DE9B7976DFC8}.Debug|x86.Build.0 = Debug|x86
		{44974F54-96F1-49D5-85AB-DE9B7976DFC8}.Release|x86.ActiveCfg = Release|x86
		{44974F54-96F1-49D5-85AB-DE9B7976DFC8}.Release|x86.Build.0 = Release|x86
	EndGlobalSection
	GlobalSection(SolutionProperties) = preSolution
		HideSolutionNode = FALSE
	EndGlobalSection
EndGlobal
